
Microsoft Visual Studio Solution File, Format Version 12.00
#
Project("{2150E333-8FDC-42A3-9474-1A3956D46DE8}") = "hw1.GraphQL", "hw1.GraphQL", "{677D8023-F28C-4F87-B8A0-1FAD2770DB9A}"
EndProject
Project("{2150E333-8FDC-42A3-9474-1A3956D46DE8}") = "hw2.GRPC", "hw2.GRPC", "{120FC147-C66D-44F8-ABAA-CA501560D4E0}"
EndProject
Project("{2150E333-8FDC-42A3-9474-1A3956D46DE8}") = "hw3.Transactional.Patterns", "hw3.Transactional.Patterns", "{D777E840-2CCE-498C-81CD-9618232C4D48}"
EndProject
Project("{2150E333-8FDC-42A3-9474-1A3956D46DE8}") = "hw4.Outbox", "hw4.Outbox", "{F63AD4C8-AB5F-4C8F-886E-95583D5F9A06}"
EndProject
Project("{FAE04EC0-301F-11D3-BF4B-00C04F79EFBC}") = "Messaging.Contracts", "hw4.TransactionalPatterns2.Outbox\hw4.Shared\Messaging.Contracts.csproj", "{E53F0063-D6D5-445F-A723-92FA24C02E43}"
EndProject
Project("{FAE04EC0-301F-11D3-BF4B-00C04F79EFBC}") = "Shipping.Api", "hw4.TransactionalPatterns2.Outbox\hw4.Shipping.Api\Shipping.Api.csproj", "{65ABD07E-A451-44BF-BD40-8227D2BE68F0}"
EndProject
Project("{FAE04EC0-301F-11D3-BF4B-00C04F79EFBC}") = "Orders.Api", "hw4.TransactionalPatterns2.Outbox\hw4.Orders.Api\Orders.Api.csproj", "{BBC87929-AFF1-4916-8ED2-5CB2386872F6}"
EndProject
Project("{FAE04EC0-301F-11D3-BF4B-00C04F79EFBC}") = "hw1.Cache", "hw1.GrapQL\hw1.Cache\hw1.Cache.csproj", "{CE0369E3-6869-475D-A6BF-FC1223C480B1}"
EndProject
Project("{FAE04EC0-301F-11D3-BF4B-00C04F79EFBC}") = "hw1.Gateway", "hw1.GrapQL\hw1.Gateway\hw1.Gateway.csproj", "{AF88EB18-7F97-4859-ACD2-6E393817B4C1}"
EndProject
Project("{FAE04EC0-301F-11D3-BF4B-00C04F79EFBC}") = "hw1.Query", "hw1.GrapQL\hw1.Query\hw1.Query.csproj", "{504EDC29-0CC6-40D7-8319-EF72121B3405}"
EndProject
Project("{FAE04EC0-301F-11D3-BF4B-00C04F79EFBC}") = "hw1.Subscription", "hw1.GrapQL\hw1.Subscription\hw1.Subscription.csproj", "{42268FA6-2602-4F75-A169-64E31BEE12E6}"
EndProject
Project("{FAE04EC0-301F-11D3-BF4B-00C04F79EFBC}") = "hw2.ChatServer", "hw2.GRPC\hw2.ChatServer\hw2.ChatServer.csproj", "{AA24B086-7BEA-44D5-9643-6D76B5376649}"
EndProject
Project("{FAE04EC0-301F-11D3-BF4B-00C04F79EFBC}") = "hw2.MeteoClient", "hw2.GRPC\hw2.MeteoClient\hw2.MeteoClient.csproj", "{FAFFEB82-01BD-4146-8E45-68378209D2E2}"
EndProject
Project("{FAE04EC0-301F-11D3-BF4B-00C04F79EFBC}") = "hw2.MeteoServer", "hw2.GRPC\hw2.MeteoServer\hw2.MeteoServer.csproj", "{16039CA5-04EE-459E-AAA8-2BB92D93F026}"
EndProject
Project("{FAE04EC0-301F-11D3-BF4B-00C04F79EFBC}") = "hw2.SecureClient", "hw2.GRPC\hw2.SecureClient\hw2.SecureClient.csproj", "{A0067B74-7413-4F38-9BED-182993876494}"
EndProject
Project("{FAE04EC0-301F-11D3-BF4B-00C04F79EFBC}") = "hw2.SecureServer", "hw2.GRPC\hw2.SecureServer\hw2.SecureServer.csproj", "{FB0577FD-E150-45B0-A911-D78E749A5E28}"
EndProject
Project("{2150E333-8FDC-42A3-9474-1A3956D46DE8}") = "hw3.2pc", "hw3.2pc", "{3A1E887B-9686-4B7B-8690-6E6FACB8FAA7}"
EndProject
Project("{2150E333-8FDC-42A3-9474-1A3956D46DE8}") = "hw3.Saga", "hw3.Saga", "{1902295D-46FD-43A4-95E7-07BBD110616B}"
EndProject
Project("{FAE04EC0-301F-11D3-BF4B-00C04F79EFBC}") = "hw3.twoPhaseCommit.client1", "hw3.TransactionalPatterns\hw3.2pc\hw3.twoPhaseCommit.client1\hw3.twoPhaseCommit.client1.csproj", "{CCD23F64-05B7-492D-A820-DED253180A16}"
EndProject
Project("{FAE04EC0-301F-11D3-BF4B-00C04F79EFBC}") = "hw3.Saga.Gateway", "hw3.TransactionalPatterns\hw3.Saga\hw3.Saga.Gateway\hw3.Saga.Gateway.csproj", "{E1E2B4F0-A06B-443C-AEC6-C86A4D067B0E}"
EndProject
Project("{FAE04EC0-301F-11D3-BF4B-00C04F79EFBC}") = "hw3.twoPhaseCommit.client2", "hw3.TransactionalPatterns\hw3.2pc\hw3.twoPhaseCommit.client2\hw3.twoPhaseCommit.client2.csproj", "{4DE16839-D943-475C-B1EC-28E820522098}"
EndProject
Project("{FAE04EC0-301F-11D3-BF4B-00C04F79EFBC}") = "hw3.twoPhaseCommit.coordinator", "hw3.TransactionalPatterns\hw3.2pc\hw3.twoPhaseCommit.coordinator\hw3.twoPhaseCommit.coordinator.csproj", "{05A68537-32EA-4730-A333-5666D5E06B66}"
EndProject
Project("{FAE04EC0-301F-11D3-BF4B-00C04F79EFBC}") = "hw3.twoPhaseCommit.shared", "hw3.TransactionalPatterns\hw3.2pc\hw3.twoPhaseCommit.shared\hw3.twoPhaseCommit.shared.csproj", "{667C979C-23C7-40E0-AF91-B66951078D8D}"
EndProject
Project("{FAE04EC0-301F-11D3-BF4B-00C04F79EFBC}") = "hw3.Saga.Shared", "hw3.TransactionalPatterns\hw3.Saga\hw3.Saga.Shared\hw3.Saga.Shared.csproj", "{59A33D64-5C71-4AEF-9BA4-150E14C51015}"
EndProject
Project("{FAE04EC0-301F-11D3-BF4B-00C04F79EFBC}") = "hw3.Saga.Microservice1", "hw3.TransactionalPatterns\hw3.Saga\hw3.Saga.Microservice1\hw3.Saga.Microservice1.csproj", "{2976D6C1-9DCB-4473-80B6-AE5A471DEDF7}"
EndProject
Project("{FAE04EC0-301F-11D3-BF4B-00C04F79EFBC}") = "hw3.Saga.Microservice2", "hw3.TransactionalPatterns\hw3.Saga\hw3.Saga.Microservice2\hw3.Saga.Microservice2.csproj", "{5BA77FBA-F001-453A-9AD1-840E801BB933}"
EndProject
Project("{FAE04EC0-301F-11D3-BF4B-00C04F79EFBC}") = "hw3.Saga.SagaService", "hw3.TransactionalPatterns\hw3.Saga\hw3.Saga.SagaService\hw3.Saga.SagaService.csproj", "{D4494D1C-6C9B-4E9B-9EEC-3394374BC8C9}"
EndProject
Project("{FAE04EC0-301F-11D3-BF4B-00C04F79EFBC}") = "CassandraClient", "hw6.cassanda_clickhouse\CassandraClient\CassandraClient.csproj", "{6806A2F1-4EC6-4829-8578-AF7CC3413691}"
EndProject
Project("{2150E333-8FDC-42A3-9474-1A3956D46DE8}") = "hw6.cassandra", "hw6.cassandra", "{4FE72AB3-FD58-465C-B0F4-10B1829244DF}"
EndProject
Project("{FAE04EC0-301F-11D3-BF4B-00C04F79EFBC}") = "Test", "hw6.cassanda_clickhouse\ClickHouseClient\Test.csproj", "{8DE01FA0-0F56-4AE2-8457-A8182C8C4477}"
EndProject
Project("{2150E333-8FDC-42A3-9474-1A3956D46DE8}") = "hw7.ElasticAndKibana", "hw7.ElasticAndKibana", "{18EA389B-903D-4C29-B752-CC3BF5907285}"
EndProject
Project("{2150E333-8FDC-42A3-9474-1A3956D46DE8}") = "Solution Items", "Solution Items", "{0A1544DD-7C40-4BCD-97BE-69FCAEB43566}"
	ProjectSection(SolutionItems) = preProject
		compose.yaml = compose.yaml
	EndProjectSection
EndProject
Project("{FAE04EC0-301F-11D3-BF4B-00C04F79EFBC}") = "ElasticClient", "hw7.ElasticKibana\ElasticClient\ElasticClient.csproj", "{5431E545-28E0-4548-AA0D-9FA72E7C4288}"
EndProject
Global
	GlobalSection(SolutionConfigurationPlatforms) = preSolution
		Debug|Any CPU = Debug|Any CPU
		Release|Any CPU = Release|Any CPU
	EndGlobalSection
	GlobalSection(ProjectConfigurationPlatforms) = postSolution
		{E53F0063-D6D5-445F-A723-92FA24C02E43}.Debug|Any CPU.ActiveCfg = Debug|Any CPU
		{E53F0063-D6D5-445F-A723-92FA24C02E43}.Debug|Any CPU.Build.0 = Debug|Any CPU
		{E53F0063-D6D5-445F-A723-92FA24C02E43}.Release|Any CPU.ActiveCfg = Release|Any CPU
		{E53F0063-D6D5-445F-A723-92FA24C02E43}.Release|Any CPU.Build.0 = Release|Any CPU
		{65ABD07E-A451-44BF-BD40-8227D2BE68F0}.Debug|Any CPU.ActiveCfg = Debug|Any CPU
		{65ABD07E-A451-44BF-BD40-8227D2BE68F0}.Debug|Any CPU.Build.0 = Debug|Any CPU
		{65ABD07E-A451-44BF-BD40-8227D2BE68F0}.Release|Any CPU.ActiveCfg = Release|Any CPU
		{65ABD07E-A451-44BF-BD40-8227D2BE68F0}.Release|Any CPU.Build.0 = Release|Any CPU
		{BBC87929-AFF1-4916-8ED2-5CB2386872F6}.Debug|Any CPU.ActiveCfg = Debug|Any CPU
		{BBC87929-AFF1-4916-8ED2-5CB2386872F6}.Debug|Any CPU.Build.0 = Debug|Any CPU
		{BBC87929-AFF1-4916-8ED2-5CB2386872F6}.Release|Any CPU.ActiveCfg = Release|Any CPU
		{BBC87929-AFF1-4916-8ED2-5CB2386872F6}.Release|Any CPU.Build.0 = Release|Any CPU
		{CE0369E3-6869-475D-A6BF-FC1223C480B1}.Debug|Any CPU.ActiveCfg = Debug|Any CPU
		{CE0369E3-6869-475D-A6BF-FC1223C480B1}.Debug|Any CPU.Build.0 = Debug|Any CPU
		{CE0369E3-6869-475D-A6BF-FC1223C480B1}.Release|Any CPU.ActiveCfg = Release|Any CPU
		{CE0369E3-6869-475D-A6BF-FC1223C480B1}.Release|Any CPU.Build.0 = Release|Any CPU
		{AF88EB18-7F97-4859-ACD2-6E393817B4C1}.Debug|Any CPU.ActiveCfg = Debug|Any CPU
		{AF88EB18-7F97-4859-ACD2-6E393817B4C1}.Debug|Any CPU.Build.0 = Debug|Any CPU
		{AF88EB18-7F97-4859-ACD2-6E393817B4C1}.Release|Any CPU.ActiveCfg = Release|Any CPU
		{AF88EB18-7F97-4859-ACD2-6E393817B4C1}.Release|Any CPU.Build.0 = Release|Any CPU
		{504EDC29-0CC6-40D7-8319-EF72121B3405}.Debug|Any CPU.ActiveCfg = Debug|Any CPU
		{504EDC29-0CC6-40D7-8319-EF72121B3405}.Debug|Any CPU.Build.0 = Debug|Any CPU
		{504EDC29-0CC6-40D7-8319-EF72121B3405}.Release|Any CPU.ActiveCfg = Release|Any CPU
		{504EDC29-0CC6-40D7-8319-EF72121B3405}.Release|Any CPU.Build.0 = Release|Any CPU
		{42268FA6-2602-4F75-A169-64E31BEE12E6}.Debug|Any CPU.ActiveCfg = Debug|Any CPU
		{42268FA6-2602-4F75-A169-64E31BEE12E6}.Debug|Any CPU.Build.0 = Debug|Any CPU
		{42268FA6-2602-4F75-A169-64E31BEE12E6}.Release|Any CPU.ActiveCfg = Release|Any CPU
		{42268FA6-2602-4F75-A169-64E31BEE12E6}.Release|Any CPU.Build.0 = Release|Any CPU
		{AA24B086-7BEA-44D5-9643-6D76B5376649}.Debug|Any CPU.ActiveCfg = Debug|Any CPU
		{AA24B086-7BEA-44D5-9643-6D76B5376649}.Debug|Any CPU.Build.0 = Debug|Any CPU
		{AA24B086-7BEA-44D5-9643-6D76B5376649}.Release|Any CPU.ActiveCfg = Release|Any CPU
		{AA24B086-7BEA-44D5-9643-6D76B5376649}.Release|Any CPU.Build.0 = Release|Any CPU
		{FAFFEB82-01BD-4146-8E45-68378209D2E2}.Debug|Any CPU.ActiveCfg = Debug|Any CPU
		{FAFFEB82-01BD-4146-8E45-68378209D2E2}.Debug|Any CPU.Build.0 = Debug|Any CPU
		{FAFFEB82-01BD-4146-8E45-68378209D2E2}.Release|Any CPU.ActiveCfg = Release|Any CPU
		{FAFFEB82-01BD-4146-8E45-68378209D2E2}.Release|Any CPU.Build.0 = Release|Any CPU
		{16039CA5-04EE-459E-AAA8-2BB92D93F026}.Debug|Any CPU.ActiveCfg = Debug|Any CPU
		{16039CA5-04EE-459E-AAA8-2BB92D93F026}.Debug|Any CPU.Build.0 = Debug|Any CPU
		{16039CA5-04EE-459E-AAA8-2BB92D93F026}.Release|Any CPU.ActiveCfg = Release|Any CPU
		{16039CA5-04EE-459E-AAA8-2BB92D93F026}.Release|Any CPU.Build.0 = Release|Any CPU
		{A0067B74-7413-4F38-9BED-182993876494}.Debug|Any CPU.ActiveCfg = Debug|Any CPU
		{A0067B74-7413-4F38-9BED-182993876494}.Debug|Any CPU.Build.0 = Debug|Any CPU
		{A0067B74-7413-4F38-9BED-182993876494}.Release|Any CPU.ActiveCfg = Release|Any CPU
		{A0067B74-7413-4F38-9BED-182993876494}.Release|Any CPU.Build.0 = Release|Any CPU
		{FB0577FD-E150-45B0-A911-D78E749A5E28}.Debug|Any CPU.ActiveCfg = Debug|Any CPU
		{FB0577FD-E150-45B0-A911-D78E749A5E28}.Debug|Any CPU.Build.0 = Debug|Any CPU
		{FB0577FD-E150-45B0-A911-D78E749A5E28}.Release|Any CPU.ActiveCfg = Release|Any CPU
		{FB0577FD-E150-45B0-A911-D78E749A5E28}.Release|Any CPU.Build.0 = Release|Any CPU
		{CCD23F64-05B7-492D-A820-DED253180A16}.Debug|Any CPU.ActiveCfg = Debug|Any CPU
		{CCD23F64-05B7-492D-A820-DED253180A16}.Debug|Any CPU.Build.0 = Debug|Any CPU
		{CCD23F64-05B7-492D-A820-DED253180A16}.Release|Any CPU.ActiveCfg = Release|Any CPU
		{CCD23F64-05B7-492D-A820-DED253180A16}.Release|Any CPU.Build.0 = Release|Any CPU
		{E1E2B4F0-A06B-443C-AEC6-C86A4D067B0E}.Debug|Any CPU.ActiveCfg = Debug|Any CPU
		{E1E2B4F0-A06B-443C-AEC6-C86A4D067B0E}.Debug|Any CPU.Build.0 = Debug|Any CPU
		{E1E2B4F0-A06B-443C-AEC6-C86A4D067B0E}.Release|Any CPU.ActiveCfg = Release|Any CPU
		{E1E2B4F0-A06B-443C-AEC6-C86A4D067B0E}.Release|Any CPU.Build.0 = Release|Any CPU
		{4DE16839-D943-475C-B1EC-28E820522098}.Debug|Any CPU.ActiveCfg = Debug|Any CPU
		{4DE16839-D943-475C-B1EC-28E820522098}.Debug|Any CPU.Build.0 = Debug|Any CPU
		{4DE16839-D943-475C-B1EC-28E820522098}.Release|Any CPU.ActiveCfg = Release|Any CPU
		{4DE16839-D943-475C-B1EC-28E820522098}.Release|Any CPU.Build.0 = Release|Any CPU
		{05A68537-32EA-4730-A333-5666D5E06B66}.Debug|Any CPU.ActiveCfg = Debug|Any CPU
		{05A68537-32EA-4730-A333-5666D5E06B66}.Debug|Any CPU.Build.0 = Debug|Any CPU
		{05A68537-32EA-4730-A333-5666D5E06B66}.Release|Any CPU.ActiveCfg = Release|Any CPU
		{05A68537-32EA-4730-A333-5666D5E06B66}.Release|Any CPU.Build.0 = Release|Any CPU
		{667C979C-23C7-40E0-AF91-B66951078D8D}.Debug|Any CPU.ActiveCfg = Debug|Any CPU
		{667C979C-23C7-40E0-AF91-B66951078D8D}.Debug|Any CPU.Build.0 = Debug|Any CPU
		{667C979C-23C7-40E0-AF91-B66951078D8D}.Release|Any CPU.ActiveCfg = Release|Any CPU
		{667C979C-23C7-40E0-AF91-B66951078D8D}.Release|Any CPU.Build.0 = Release|Any CPU
		{59A33D64-5C71-4AEF-9BA4-150E14C51015}.Debug|Any CPU.ActiveCfg = Debug|Any CPU
		{59A33D64-5C71-4AEF-9BA4-150E14C51015}.Debug|Any CPU.Build.0 = Debug|Any CPU
		{59A33D64-5C71-4AEF-9BA4-150E14C51015}.Release|Any CPU.ActiveCfg = Release|Any CPU
		{59A33D64-5C71-4AEF-9BA4-150E14C51015}.Release|Any CPU.Build.0 = Release|Any CPU
		{2976D6C1-9DCB-4473-80B6-AE5A471DEDF7}.Debug|Any CPU.ActiveCfg = Debug|Any CPU
		{2976D6C1-9DCB-4473-80B6-AE5A471DEDF7}.Debug|Any CPU.Build.0 = Debug|Any CPU
		{2976D6C1-9DCB-4473-80B6-AE5A471DEDF7}.Release|Any CPU.ActiveCfg = Release|Any CPU
		{2976D6C1-9DCB-4473-80B6-AE5A471DEDF7}.Release|Any CPU.Build.0 = Release|Any CPU
		{5BA77FBA-F001-453A-9AD1-840E801BB933}.Debug|Any CPU.ActiveCfg = Debug|Any CPU
		{5BA77FBA-F001-453A-9AD1-840E801BB933}.Debug|Any CPU.Build.0 = Debug|Any CPU
		{5BA77FBA-F001-453A-9AD1-840E801BB933}.Release|Any CPU.ActiveCfg = Release|Any CPU
		{5BA77FBA-F001-453A-9AD1-840E801BB933}.Release|Any CPU.Build.0 = Release|Any CPU
		{D4494D1C-6C9B-4E9B-9EEC-3394374BC8C9}.Debug|Any CPU.ActiveCfg = Debug|Any CPU
		{D4494D1C-6C9B-4E9B-9EEC-3394374BC8C9}.Debug|Any CPU.Build.0 = Debug|Any CPU
		{D4494D1C-6C9B-4E9B-9EEC-3394374BC8C9}.Release|Any CPU.ActiveCfg = Release|Any CPU
		{D4494D1C-6C9B-4E9B-9EEC-3394374BC8C9}.Release|Any CPU.Build.0 = Release|Any CPU
		{6806A2F1-4EC6-4829-8578-AF7CC3413691}.Debug|Any CPU.ActiveCfg = Debug|Any CPU
		{6806A2F1-4EC6-4829-8578-AF7CC3413691}.Debug|Any CPU.Build.0 = Debug|Any CPU
		{6806A2F1-4EC6-4829-8578-AF7CC3413691}.Release|Any CPU.ActiveCfg = Release|Any CPU
		{6806A2F1-4EC6-4829-8578-AF7CC3413691}.Release|Any CPU.Build.0 = Release|Any CPU
		{8DE01FA0-0F56-4AE2-8457-A8182C8C4477}.Debug|Any CPU.ActiveCfg = Debug|Any CPU
		{8DE01FA0-0F56-4AE2-8457-A8182C8C4477}.Debug|Any CPU.Build.0 = Debug|Any CPU
		{8DE01FA0-0F56-4AE2-8457-A8182C8C4477}.Release|Any CPU.ActiveCfg = Release|Any CPU
		{8DE01FA0-0F56-4AE2-8457-A8182C8C4477}.Release|Any CPU.Build.0 = Release|Any CPU
		{5431E545-28E0-4548-AA0D-9FA72E7C4288}.Debug|Any CPU.ActiveCfg = Debug|Any CPU
		{5431E545-28E0-4548-AA0D-9FA72E7C4288}.Debug|Any CPU.Build.0 = Debug|Any CPU
		{5431E545-28E0-4548-AA0D-9FA72E7C4288}.Release|Any CPU.ActiveCfg = Release|Any CPU
		{5431E545-28E0-4548-AA0D-9FA72E7C4288}.Release|Any CPU.Build.0 = Release|Any CPU
	EndGlobalSection
	GlobalSection(NestedProjects) = preSolution
		{E53F0063-D6D5-445F-A723-92FA24C02E43} = {F63AD4C8-AB5F-4C8F-886E-95583D5F9A06}
		{65ABD07E-A451-44BF-BD40-8227D2BE68F0} = {F63AD4C8-AB5F-4C8F-886E-95583D5F9A06}
		{BBC87929-AFF1-4916-8ED2-5CB2386872F6} = {F63AD4C8-AB5F-4C8F-886E-95583D5F9A06}
		{CE0369E3-6869-475D-A6BF-FC1223C480B1} = {677D8023-F28C-4F87-B8A0-1FAD2770DB9A}
		{AF88EB18-7F97-4859-ACD2-6E393817B4C1} = {677D8023-F28C-4F87-B8A0-1FAD2770DB9A}
		{504EDC29-0CC6-40D7-8319-EF72121B3405} = {677D8023-F28C-4F87-B8A0-1FAD2770DB9A}
		{42268FA6-2602-4F75-A169-64E31BEE12E6} = {677D8023-F28C-4F87-B8A0-1FAD2770DB9A}
		{AA24B086-7BEA-44D5-9643-6D76B5376649} = {120FC147-C66D-44F8-ABAA-CA501560D4E0}
		{FAFFEB82-01BD-4146-8E45-68378209D2E2} = {120FC147-C66D-44F8-ABAA-CA501560D4E0}
		{16039CA5-04EE-459E-AAA8-2BB92D93F026} = {120FC147-C66D-44F8-ABAA-CA501560D4E0}
		{A0067B74-7413-4F38-9BED-182993876494} = {120FC147-C66D-44F8-ABAA-CA501560D4E0}
		{FB0577FD-E150-45B0-A911-D78E749A5E28} = {120FC147-C66D-44F8-ABAA-CA501560D4E0}
		{3A1E887B-9686-4B7B-8690-6E6FACB8FAA7} = {D777E840-2CCE-498C-81CD-9618232C4D48}
		{1902295D-46FD-43A4-95E7-07BBD110616B} = {D777E840-2CCE-498C-81CD-9618232C4D48}
		{CCD23F64-05B7-492D-A820-DED253180A16} = {3A1E887B-9686-4B7B-8690-6E6FACB8FAA7}
		{E1E2B4F0-A06B-443C-AEC6-C86A4D067B0E} = {1902295D-46FD-43A4-95E7-07BBD110616B}
		{4DE16839-D943-475C-B1EC-28E820522098} = {3A1E887B-9686-4B7B-8690-6E6FACB8FAA7}
		{05A68537-32EA-4730-A333-5666D5E06B66} = {3A1E887B-9686-4B7B-8690-6E6FACB8FAA7}
		{667C979C-23C7-40E0-AF91-B66951078D8D} = {3A1E887B-9686-4B7B-8690-6E6FACB8FAA7}
		{59A33D64-5C71-4AEF-9BA4-150E14C51015} = {1902295D-46FD-43A4-95E7-07BBD110616B}
		{2976D6C1-9DCB-4473-80B6-AE5A471DEDF7} = {1902295D-46FD-43A4-95E7-07BBD110616B}
		{5BA77FBA-F001-453A-9AD1-840E801BB933} = {1902295D-46FD-43A4-95E7-07BBD110616B}
		{D4494D1C-6C9B-4E9B-9EEC-3394374BC8C9} = {1902295D-46FD-43A4-95E7-07BBD110616B}
		{6806A2F1-4EC6-4829-8578-AF7CC3413691} = {4FE72AB3-FD58-465C-B0F4-10B1829244DF}
		{8DE01FA0-0F56-4AE2-8457-A8182C8C4477} = {4FE72AB3-FD58-465C-B0F4-10B1829244DF}
		{5431E545-28E0-4548-AA0D-9FA72E7C4288} = {18EA389B-903D-4C29-B752-CC3BF5907285}
	EndGlobalSection
EndGlobal
